{
  "name": "speckle-bundle-spec",
  "version": "1.4.0",
  "lockfileVersion": 3,
  "requires": true,
  "packages": {
    "": {
      "name": "speckle-bundle-spec",
      "license": "Apache-2.0",
      "workspaces": [
        "packages/ts",
        "packages/conformance"
      ],
      "devDependencies": {
        "typescript": "^5.9.3"
      },
      "engines": {
        "node": ">=20"
      }
    },
    "node_modules/@speckle/bundle-spec": {
      "resolved": "packages/ts",
      "link": true
    },
    "node_modules/@speckle/bundle-spec-conformance": {
      "resolved": "packages/conformance",
      "link": true
    },
    "node_modules/typescript": {
      "version": "5.9.3",
      "resolved": "https://registry.npmjs.org/typescript/-/typescript-5.9.3.tgz",
      "integrity": "sha512-jl1vZzPDinLr9eUt3J/t7V6FgNEw9QjvBPdysz9KfQDD41fQrC2Y4vKQdiaUpFT4bXlb1RHhLpp8wtm6M5TgSw==",
      "dev": true,
      "license": "Apache-2.0",
      "bin": {
        "tsc": "bin/tsc",
        "tsserver": "bin/tsserver"
      },
      "engines": {
        "node": ">=14.17"
      }
    },
    "packages/conformance": {
      "name": "@speckle/bundle-spec-conformance",
      "version": "0.0.0",
      "license": "Apache-2.0",
      "dependencies": {
        "@speckle/bundle-spec": "0.0.0"
      },
      "bin": {
        "validate-bundle": "validator/validate-bundle.mjs"
      },
      "engines": {
        "node": ">=20"
      }
    },
    "packages/ts": {
      "name": "@speckle/bundle-spec",
      "version": "0.0.0",
      "license": "Apache-2.0",
      "engines": {
        "node": ">=20"
      }
    }
  }
}
